
Microsoft Visual Studio Solution File, Format Version 12.00
# Visual Studio Version 17
VisualStudioVersion = 17.2.32516.85
MinimumVisualStudioVersion = 10.0.40219.1
Project("{FAE04EC0-301F-11D3-BF4B-00C04F79EFBC}") = "questao-02", "questao-02\questao-02.csproj", "{7857BC62-C0A2-443F-9E12-79BBCE70661B}"
EndProject
Global
	GlobalSection(SolutionConfigurationPlatforms) = preSolution
		Debug|Any CPU = Debug|Any CPU
		Release|Any CPU = Release|Any CPU
	EndGlobalSection
	GlobalSection(ProjectConfigurationPlatforms) = postSolution
		{7857BC62-C0A2-443F-9E12-79BBCE70661B}.Debug|Any CPU.ActiveCfg = Debug|Any CPU
		{7857BC62-C0A2-443F-9E12-79BBCE70661B}.Debug|Any CPU.Build.0 = Debug|Any CPU
		{7857BC62-C0A2-443F-9E12-79BBCE70661B}.Release|Any CPU.ActiveCfg = Release|Any CPU
		{7857BC62-C0A2-443F-9E12-79BBCE70661B}.Release|Any CPU.Build.0 = Release|Any CPU
	EndGlobalSection
	GlobalSection(SolutionProperties) = preSolution
		HideSolutionNode = FALSE
	EndGlobalSection
	GlobalSection(ExtensibilityGlobals) = postSolution
		SolutionGuid = {22F28DB7-37A7-45EA-AE24-847387C2221D}
	EndGlobalSection
EndGlobal
