
Microsoft Visual Studio Solution File, Format Version 12.00
# Visual Studio Version 17
VisualStudioVersion = 17.2.32516.85
MinimumVisualStudioVersion = 10.0.40219.1
Project("{FAE04EC0-301F-11D3-BF4B-00C04F79EFBC}") = "questao-01", "questao-01\questao-01.csproj", "{4C823408-FE8E-4B09-B136-2C9C6312D64F}"
EndProject
Global
	GlobalSection(SolutionConfigurationPlatforms) = preSolution
		Debug|Any CPU = Debug|Any CPU
		Release|Any CPU = Release|Any CPU
	EndGlobalSection
	GlobalSection(ProjectConfigurationPlatforms) = postSolution
		{4C823408-FE8E-4B09-B136-2C9C6312D64F}.Debug|Any CPU.ActiveCfg = Debug|Any CPU
		{4C823408-FE8E-4B09-B136-2C9C6312D64F}.Debug|Any CPU.Build.0 = Debug|Any CPU
		{4C823408-FE8E-4B09-B136-2C9C6312D64F}.Release|Any CPU.ActiveCfg = Release|Any CPU
		{4C823408-FE8E-4B09-B136-2C9C6312D64F}.Release|Any CPU.Build.0 = Release|Any CPU
	EndGlobalSection
	GlobalSection(SolutionProperties) = preSolution
		HideSolutionNode = FALSE
	EndGlobalSection
	GlobalSection(ExtensibilityGlobals) = postSolution
		SolutionGuid = {1E0BDC01-00D0-4D48-BD96-BA8F32EE4DB6}
	EndGlobalSection
EndGlobal
